{
  "nodes": {
    "nixpkgs": {
      "locked": {
        "lastModified": 1680045573,
        "narHash": "sha256-LTuvwGqX1Ijnoo5t4eAhnRelOK/aYLcTPo5vwIXeKo4=",
        "owner": "nixos",
        "repo": "nixpkgs",
        "rev": "ed65ee50e00427211dc082b64a0487451ab42aba",
        "type": "github"
      },
      "original": {
        "owner": "nixos",
        "repo": "nixpkgs",
        "type": "github"
      }
    },
    "root": {
      "inputs": {
        "nixpkgs": "nixpkgs",
        "utils": "utils"
      }
    },
    "utils": {
      "locked": {
        "lastModified": 1678901627,
        "narHash": "sha256-U02riOqrKKzwjsxc/400XnElV+UtPUQWpANPlyazjH0=",
        "owner": "numtide",
        "repo": "flake-utils",
        "rev": "93a2b84fc4b70d9e089d029deacc3583435c2ed6",
        "type": "github"
      },
      "original": {
        "owner": "numtide",
        "repo": "flake-utils",
        "type": "github"
      }
    }
  },
  "root": "root",
  "version": 7
}
